
Microsoft Visual Studio Solution File, Format Version 12.00
# Visual Studio Version 17
VisualStudioVersion = 17.1.32421.90
MinimumVisualStudioVersion = 10.0.40219.1
Project("{FAE04EC0-301F-11D3-BF4B-00C04F79EFBC}") = "WindowsFormsApp1", "WindowsFormsApp1\WindowsFormsApp1.csproj", "{F578D48A-E9EE-4C2E-A8B4-423D0D474888}"
EndProject
Global
	GlobalSection(SolutionConfigurationPlatforms) = preSolution
		Debug|Any CPU = Debug|Any CPU
		Release|Any CPU = Release|Any CPU
	EndGlobalSection
	GlobalSection(ProjectConfigurationPlatforms) = postSolution
		{F578D48A-E9EE-4C2E-A8B4-423D0D474888}.Debug|Any CPU.ActiveCfg = Debug|Any CPU
		{F578D48A-E9EE-4C2E-A8B4-423D0D474888}.Debug|Any CPU.Build.0 = Debug|Any CPU
		{F578D48A-E9EE-4C2E-A8B4-423D0D474888}.Release|Any CPU.ActiveCfg = Release|Any CPU
		{F578D48A-E9EE-4C2E-A8B4-423D0D474888}.Release|Any CPU.Build.0 = Release|Any CPU
	EndGlobalSection
	GlobalSection(SolutionProperties) = preSolution
		HideSolutionNode = FALSE
	EndGlobalSection
	GlobalSection(ExtensibilityGlobals) = postSolution
		SolutionGuid = {F638E684-CEC2-46C6-BC14-130AB027C1C6}
	EndGlobalSection
EndGlobal
